// !$*UTF8*$!
{
	archiveVersion = 1;
	classes = {
	};
	objectVersion = 51;
	objects = {

/* Begin PBXBuildFile section */
		11B63AC611B17EE213B69F30 /* Pods_NhkBangumiTests.framework in Frameworks */ = {isa = PBXBuildFile; fileRef = BB3A377B531202308D18B28E /* Pods_NhkBangumiTests.framework */; };
		52AADF8CFE1B27B2A38A322D /* Pods_NhkBangumiUITests.framework in Frameworks */ = {isa = PBXBuildFile; fileRef = A1888CFC55CA80B08828273E /* Pods_NhkBangumiUITests.framework */; };
		5A304D72228E8F1D00F20B05 /* AppDelegate.swift in Sources */ = {isa = PBXBuildFile; fileRef = 5A304D71228E8F1D00F20B05 /* AppDelegate.swift */; };
		5A304D74228E8F1D00F20B05 /* HomeViewController.swift in Sources */ = {isa = PBXBuildFile; fileRef = 5A304D73228E8F1D00F20B05 /* HomeViewController.swift */; };
		5A304D77228E8F1D00F20B05 /* Main.storyboard in Resources */ = {isa = PBXBuildFile; fileRef = 5A304D75228E8F1D00F20B05 /* Main.storyboard */; };
		5A304D79228E8F1F00F20B05 /* Assets.xcassets in Resources */ = {isa = PBXBuildFile; fileRef = 5A304D78228E8F1F00F20B05 /* Assets.xcassets */; };
		5A304D7C228E8F1F00F20B05 /* LaunchScreen.storyboard in Resources */ = {isa = PBXBuildFile; fileRef = 5A304D7A228E8F1F00F20B05 /* LaunchScreen.storyboard */; };
		5A304D87228E8F1F00F20B05 /* NhkBangumiTests.swift in Sources */ = {isa = PBXBuildFile; fileRef = 5A304D86228E8F1F00F20B05 /* NhkBangumiTests.swift */; };
		5A304D92228E8F1F00F20B05 /* NhkBangumiUITests.swift in Sources */ = {isa = PBXBuildFile; fileRef = 5A304D91228E8F1F00F20B05 /* NhkBangumiUITests.swift */; };
		5AB16E2F228E9D4700DE394B /* ApplicationScheme.swift in Sources */ = {isa = PBXBuildFile; fileRef = 5AB16E2E228E9D4700DE394B /* ApplicationScheme.swift */; };
		5D4713A016BAE2A6B517B2DD /* Pods_NhkBangumi.framework in Frameworks */ = {isa = PBXBuildFile; fileRef = 17A63D30C9E4A24A4F56D089 /* Pods_NhkBangumi.framework */; };
/* End PBXBuildFile section */

/* Begin PBXContainerItemProxy section */
		5A304D83228E8F1F00F20B05 /* PBXContainerItemProxy */ = {
			isa = PBXContainerItemProxy;
			containerPortal = 5A304D66228E8F1D00F20B05 /* Project object */;
			proxyType = 1;
			remoteGlobalIDString = 5A304D6D228E8F1D00F20B05;
			remoteInfo = NhkBangumi;
		};
		5A304D8E228E8F1F00F20B05 /* PBXContainerItemProxy */ = {
			isa = PBXContainerItemProxy;
			containerPortal = 5A304D66228E8F1D00F20B05 /* Project object */;
			proxyType = 1;
			remoteGlobalIDString = 5A304D6D228E8F1D00F20B05;
			remoteInfo = NhkBangumi;
		};
/* End PBXContainerItemProxy section */

/* Begin PBXFileReference section */
		17A63D30C9E4A24A4F56D089 /* Pods_NhkBangumi.framework */ = {isa = PBXFileReference; explicitFileType = wrapper.framework; includeInIndex = 0; path = Pods_NhkBangumi.framework; sourceTree = BUILT_PRODUCTS_DIR; };
		21053D4D918A01D9D7047877 /* Pods-NhkBangumiUITests.debug.xcconfig */ = {isa = PBXFileReference; includeInIndex = 1; lastKnownFileType = text.xcconfig; name = "Pods-NhkBangumiUITests.debug.xcconfig"; path = "Target Support Files/Pods-NhkBangumiUITests/Pods-NhkBangumiUITests.debug.xcconfig"; sourceTree = "<group>"; };
		5A304D6E228E8F1D00F20B05 /* NhkBangumi.app */ = {isa = PBXFileReference; explicitFileType = wrapper.application; includeInIndex = 0; path = NhkBangumi.app; sourceTree = BUILT_PRODUCTS_DIR; };
		5A304D71228E8F1D00F20B05 /* AppDelegate.swift */ = {isa = PBXFileReference; lastKnownFileType = sourcecode.swift; path = AppDelegate.swift; sourceTree = "<group>"; };
		5A304D73228E8F1D00F20B05 /* HomeViewController.swift */ = {isa = PBXFileReference; lastKnownFileType = sourcecode.swift; path = HomeViewController.swift; sourceTree = "<group>"; };
		5A304D76228E8F1D00F20B05 /* Base */ = {isa = PBXFileReference; lastKnownFileType = file.storyboard; name = Base; path = Base.lproj/Main.storyboard; sourceTree = "<group>"; };
		5A304D78228E8F1F00F20B05 /* Assets.xcassets */ = {isa = PBXFileReference; lastKnownFileType = folder.assetcatalog; path = Assets.xcassets; sourceTree = "<group>"; };
		5A304D7B228E8F1F00F20B05 /* Base */ = {isa = PBXFileReference; lastKnownFileType = file.storyboard; name = Base; path = Base.lproj/LaunchScreen.storyboard; sourceTree = "<group>"; };
		5A304D7D228E8F1F00F20B05 /* Info.plist */ = {isa = PBXFileReference; lastKnownFileType = text.plist.xml; path = Info.plist; sourceTree = "<group>"; };
		5A304D82228E8F1F00F20B05 /* NhkBangumiTests.xctest */ = {isa = PBXFileReference; explicitFileType = wrapper.cfbundle; includeInIndex = 0; path = NhkBangumiTests.xctest; sourceTree = BUILT_PRODUCTS_DIR; };
		5A304D86228E8F1F00F20B05 /* NhkBangumiTests.swift */ = {isa = PBXFileReference; lastKnownFileType = sourcecode.swift; path = NhkBangumiTests.swift; sourceTree = "<group>"; };
		5A304D88228E8F1F00F20B05 /* Info.plist */ = {isa = PBXFileReference; lastKnownFileType = text.plist.xml; path = Info.plist; sourceTree = "<group>"; };
		5A304D8D228E8F1F00F20B05 /* NhkBangumiUITests.xctest */ = {isa = PBXFileReference; explicitFileType = wrapper.cfbundle; includeInIndex = 0; path = NhkBangumiUITests.xctest; sourceTree = BUILT_PRODUCTS_DIR; };
		5A304D91228E8F1F00F20B05 /* NhkBangumiUITests.swift */ = {isa = PBXFileReference; lastKnownFileType = sourcecode.swift; path = NhkBangumiUITests.swift; sourceTree = "<group>"; };
		5A304D93228E8F1F00F20B05 /* Info.plist */ = {isa = PBXFileReference; lastKnownFileType = text.plist.xml; path = Info.plist; sourceTree = "<group>"; };
		5AB16E2E228E9D4700DE394B /* ApplicationScheme.swift */ = {isa = PBXFileReference; lastKnownFileType = sourcecode.swift; path = ApplicationScheme.swift; sourceTree = "<group>"; };
		67A5A1D3BA7A373113AE801B /* Pods-NhkBangumi.release.xcconfig */ = {isa = PBXFileReference; includeInIndex = 1; lastKnownFileType = text.xcconfig; name = "Pods-NhkBangumi.release.xcconfig"; path = "Target Support Files/Pods-NhkBangumi/Pods-NhkBangumi.release.xcconfig"; sourceTree = "<group>"; };
		A1888CFC55CA80B08828273E /* Pods_NhkBangumiUITests.framework */ = {isa = PBXFileReference; explicitFileType = wrapper.framework; includeInIndex = 0; path = Pods_NhkBangumiUITests.framework; sourceTree = BUILT_PRODUCTS_DIR; };
		B28DFD7DA5439AFB4EBDA540 /* Pods-NhkBangumiTests.release.xcconfig */ = {isa = PBXFileReference; includeInIndex = 1; lastKnownFileType = text.xcconfig; name = "Pods-NhkBangumiTests.release.xcconfig"; path = "Target Support Files/Pods-NhkBangumiTests/Pods-NhkBangumiTests.release.xcconfig"; sourceTree = "<group>"; };
		B96C9EAF73BB7B3A46412190 /* Pods-NhkBangumiTests.debug.xcconfig */ = {isa = PBXFileReference; includeInIndex = 1; lastKnownFileType = text.xcconfig; name = "Pods-NhkBangumiTests.debug.xcconfig"; path = "Target Support Files/Pods-NhkBangumiTests/Pods-NhkBangumiTests.debug.xcconfig"; sourceTree = "<group>"; };
		BB3A377B531202308D18B28E /* Pods_NhkBangumiTests.framework */ = {isa = PBXFileReference; explicitFileType = wrapper.framework; includeInIndex = 0; path = Pods_NhkBangumiTests.framework; sourceTree = BUILT_PRODUCTS_DIR; };
		C17BE854B268A2991841AE61 /* Pods-NhkBangumiUITests.release.xcconfig */ = {isa = PBXFileReference; includeInIndex = 1; lastKnownFileType = text.xcconfig; name = "Pods-NhkBangumiUITests.release.xcconfig"; path = "Target Support Files/Pods-NhkBangumiUITests/Pods-NhkBangumiUITests.release.xcconfig"; sourceTree = "<group>"; };
		C42E872890518D181FC1A034 /* Pods-NhkBangumi.debug.xcconfig */ = {isa = PBXFileReference; includeInIndex = 1; lastKnownFileType = text.xcconfig; name = "Pods-NhkBangumi.debug.xcconfig"; path = "Target Support Files/Pods-NhkBangumi/Pods-NhkBangumi.debug.xcconfig"; sourceTree = "<group>"; };
/* End PBXFileReference section */

/* Begin PBXFrameworksBuildPhase section */
		5A304D6B228E8F1D00F20B05 /* Frameworks */ = {
			isa = PBXFrameworksBuildPhase;
			buildActionMask = 2147483647;
			files = (
				5D4713A016BAE2A6B517B2DD /* Pods_NhkBangumi.framework in Frameworks */,
			);
			runOnlyForDeploymentPostprocessing = 0;
		};
		5A304D7F228E8F1F00F20B05 /* Frameworks */ = {
			isa = PBXFrameworksBuildPhase;
			buildActionMask = 2147483647;
			files = (
				11B63AC611B17EE213B69F30 /* Pods_NhkBangumiTests.framework in Frameworks */,
			);
			runOnlyForDeploymentPostprocessing = 0;
		};
		5A304D8A228E8F1F00F20B05 /* Frameworks */ = {
			isa = PBXFrameworksBuildPhase;
			buildActionMask = 2147483647;
			files = (
				52AADF8CFE1B27B2A38A322D /* Pods_NhkBangumiUITests.framework in Frameworks */,
			);
			runOnlyForDeploymentPostprocessing = 0;
		};
/* End PBXFrameworksBuildPhase section */

/* Begin PBXGroup section */
		5A304D65228E8F1D00F20B05 = {
			isa = PBXGroup;
			children = (
				5A304D70228E8F1D00F20B05 /* NhkBangumi */,
				5A304D85228E8F1F00F20B05 /* NhkBangumiTests */,
				5A304D90228E8F1F00F20B05 /* NhkBangumiUITests */,
				5A304D6F228E8F1D00F20B05 /* Products */,
				C368658358A009BAB132FB00 /* Pods */,
				6C61B78D73131CFFF6022B86 /* Frameworks */,
			);
			sourceTree = "<group>";
		};
		5A304D6F228E8F1D00F20B05 /* Products */ = {
			isa = PBXGroup;
			children = (
				5A304D6E228E8F1D00F20B05 /* NhkBangumi.app */,
				5A304D82228E8F1F00F20B05 /* NhkBangumiTests.xctest */,
				5A304D8D228E8F1F00F20B05 /* NhkBangumiUITests.xctest */,
			);
			name = Products;
			sourceTree = "<group>";
		};
		5A304D70228E8F1D00F20B05 /* NhkBangumi */ = {
			isa = PBXGroup;
			children = (
				5A304D71228E8F1D00F20B05 /* AppDelegate.swift */,
				5A304D73228E8F1D00F20B05 /* HomeViewController.swift */,
				5A304D75228E8F1D00F20B05 /* Main.storyboard */,
				5A304D78228E8F1F00F20B05 /* Assets.xcassets */,
				5A304D7A228E8F1F00F20B05 /* LaunchScreen.storyboard */,
				5A304D7D228E8F1F00F20B05 /* Info.plist */,
				5AB16E2E228E9D4700DE394B /* ApplicationScheme.swift */,
			);
			path = NhkBangumi;
			sourceTree = "<group>";
		};
		5A304D85228E8F1F00F20B05 /* NhkBangumiTests */ = {
			isa = PBXGroup;
			children = (
				5A304D86228E8F1F00F20B05 /* NhkBangumiTests.swift */,
				5A304D88228E8F1F00F20B05 /* Info.plist */,
			);
			path = NhkBangumiTests;
			sourceTree = "<group>";
		};
		5A304D90228E8F1F00F20B05 /* NhkBangumiUITests */ = {
			isa = PBXGroup;
			children = (
				5A304D91228E8F1F00F20B05 /* NhkBangumiUITests.swift */,
				5A304D93228E8F1F00F20B05 /* Info.plist */,
			);
			path = NhkBangumiUITests;
			sourceTree = "<group>";
		};
		6C61B78D73131CFFF6022B86 /* Frameworks */ = {
			isa = PBXGroup;
			children = (
				17A63D30C9E4A24A4F56D089 /* Pods_NhkBangumi.framework */,
				BB3A377B531202308D18B28E /* Pods_NhkBangumiTests.framework */,
				A1888CFC55CA80B08828273E /* Pods_NhkBangumiUITests.framework */,
			);
			name = Frameworks;
			sourceTree = "<group>";
		};
		C368658358A009BAB132FB00 /* Pods */ = {
			isa = PBXGroup;
			children = (
				C42E872890518D181FC1A034 /* Pods-NhkBangumi.debug.xcconfig */,
				67A5A1D3BA7A373113AE801B /* Pods-NhkBangumi.release.xcconfig */,
				B96C9EAF73BB7B3A46412190 /* Pods-NhkBangumiTests.debug.xcconfig */,
				B28DFD7DA5439AFB4EBDA540 /* Pods-NhkBangumiTests.release.xcconfig */,
				21053D4D918A01D9D7047877 /* Pods-NhkBangumiUITests.debug.xcconfig */,
				C17BE854B268A2991841AE61 /* Pods-NhkBangumiUITests.release.xcconfig */,
			);
			path = Pods;
			sourceTree = "<group>";
		};
/* End PBXGroup section */

/* Begin PBXNativeTarget section */
		5A304D6D228E8F1D00F20B05 /* NhkBangumi */ = {
			isa = PBXNativeTarget;
			buildConfigurationList = 5A304D96228E8F1F00F20B05 /* Build configuration list for PBXNativeTarget "NhkBangumi" */;
			buildPhases = (
				2C0076B863594C3AA5D2380A /* [CP] Check Pods Manifest.lock */,
				5A304D6A228E8F1D00F20B05 /* Sources */,
				5A304D6B228E8F1D00F20B05 /* Frameworks */,
				5A304D6C228E8F1D00F20B05 /* Resources */,
				6F5C6DD4BB625347B5233E9E /* [CP] Embed Pods Frameworks */,
			);
			buildRules = (
			);
			dependencies = (
			);
			name = NhkBangumi;
			productName = NhkBangumi;
			productReference = 5A304D6E228E8F1D00F20B05 /* NhkBangumi.app */;
			productType = "com.apple.product-type.application";
		};
		5A304D81228E8F1F00F20B05 /* NhkBangumiTests */ = {
			isa = PBXNativeTarget;
			buildConfigurationList = 5A304D99228E8F1F00F20B05 /* Build configuration list for PBXNativeTarget "NhkBangumiTests" */;
			buildPhases = (
				7638F6A1C367730BD8207D6D /* [CP] Check Pods Manifest.lock */,
				5A304D7E228E8F1F00F20B05 /* Sources */,
				5A304D7F228E8F1F00F20B05 /* Frameworks */,
				5A304D80228E8F1F00F20B05 /* Resources */,
				6777B30B4CA9721ECD47E6C5 /* [CP] Embed Pods Frameworks */,
			);
			buildRules = (
			);
			dependencies = (
				5A304D84228E8F1F00F20B05 /* PBXTargetDependency */,
			);
			name = NhkBangumiTests;
			productName = NhkBangumiTests;
			productReference = 5A304D82228E8F1F00F20B05 /* NhkBangumiTests.xctest */;
			productType = "com.apple.product-type.bundle.unit-test";
		};
		5A304D8C228E8F1F00F20B05 /* NhkBangumiUITests */ = {
			isa = PBXNativeTarget;
			buildConfigurationList = 5A304D9C228E8F1F00F20B05 /* Build configuration list for PBXNativeTarget "NhkBangumiUITests" */;
			buildPhases = (
				F1E4832FC5F4AE38B317AEEC /* [CP] Check Pods Manifest.lock */,
				5A304D89228E8F1F00F20B05 /* Sources */,
				5A304D8A228E8F1F00F20B05 /* Frameworks */,
				5A304D8B228E8F1F00F20B05 /* Resources */,
			);
			buildRules = (
			);
			dependencies = (
				5A304D8F228E8F1F00F20B05 /* PBXTargetDependency */,
			);
			name = NhkBangumiUITests;
			productName = NhkBangumiUITests;
			productReference = 5A304D8D228E8F1F00F20B05 /* NhkBangumiUITests.xctest */;
			productType = "com.apple.product-type.bundle.ui-testing";
		};
/* End PBXNativeTarget section */

/* Begin PBXProject section */
		5A304D66228E8F1D00F20B05 /* Project object */ = {
			isa = PBXProject;
			attributes = {
				LastSwiftUpdateCheck = 1020;
				LastUpgradeCheck = 1020;
				ORGANIZATIONNAME = "Youhei oonuma";
				TargetAttributes = {
					5A304D6D228E8F1D00F20B05 = {
						CreatedOnToolsVersion = 10.2.1;
					};
					5A304D81228E8F1F00F20B05 = {
						CreatedOnToolsVersion = 10.2.1;
						TestTargetID = 5A304D6D228E8F1D00F20B05;
					};
					5A304D8C228E8F1F00F20B05 = {
						CreatedOnToolsVersion = 10.2.1;
						TestTargetID = 5A304D6D228E8F1D00F20B05;
					};
				};
			};
			buildConfigurationList = 5A304D69228E8F1D00F20B05 /* Build configuration list for PBXProject "NhkBangumi" */;
			compatibilityVersion = "Xcode 9.3";
			developmentRegion = en;
			hasScannedForEncodings = 0;
			knownRegions = (
				en,
				Base,
			);
			mainGroup = 5A304D65228E8F1D00F20B05;
			productRefGroup = 5A304D6F228E8F1D00F20B05 /* Products */;
			projectDirPath = "";
			projectRoot = "";
			targets = (
				5A304D6D228E8F1D00F20B05 /* NhkBangumi */,
				5A304D81228E8F1F00F20B05 /* NhkBangumiTests */,
				5A304D8C228E8F1F00F20B05 /* NhkBangumiUITests */,
			);
		};
/* End PBXProject section */

/* Begin PBXResourcesBuildPhase section */
		5A304D6C228E8F1D00F20B05 /* Resources */ = {
			isa = PBXResourcesBuildPhase;
			buildActionMask = 2147483647;
			files = (
				5A304D7C228E8F1F00F20B05 /* LaunchScreen.storyboard in Resources */,
				5A304D79228E8F1F00F20B05 /* Assets.xcassets in Resources */,
				5A304D77228E8F1D00F20B05 /* Main.storyboard in Resources */,
			);
			runOnlyForDeploymentPostprocessing = 0;
		};
		5A304D80228E8F1F00F20B05 /* Resources */ = {
			isa = PBXResourcesBuildPhase;
			buildActionMask = 2147483647;
			files = (
			);
			runOnlyForDeploymentPostprocessing = 0;
		};
		5A304D8B228E8F1F00F20B05 /* Resources */ = {
			isa = PBXResourcesBuildPhase;
			buildActionMask = 2147483647;
			files = (
			);
			runOnlyForDeploymentPostprocessing = 0;
		};
/* End PBXResourcesBuildPhase section */

/* Begin PBXShellScriptBuildPhase section */
		2C0076B863594C3AA5D2380A /* [CP] Check Pods Manifest.lock */ = {
			isa = PBXShellScriptBuildPhase;
			buildActionMask = 2147483647;
			files = (
			);
			inputFileListPaths = (
			);
			inputPaths = (
				"${PODS_PODFILE_DIR_PATH}/Podfile.lock",
				"${PODS_ROOT}/Manifest.lock",
			);
			name = "[CP] Check Pods Manifest.lock";
			outputFileListPaths = (
			);
			outputPaths = (
				"$(DERIVED_FILE_DIR)/Pods-NhkBangumi-checkManifestLockResult.txt",
			);
			runOnlyForDeploymentPostprocessing = 0;
			shellPath = /bin/sh;
			shellScript = "diff \"${PODS_PODFILE_DIR_PATH}/Podfile.lock\" \"${PODS_ROOT}/Manifest.lock\" > /dev/null\nif [ $? != 0 ] ; then\n    # print error to STDERR\n    echo \"error: The sandbox is not in sync with the Podfile.lock. Run 'pod install' or update your CocoaPods installation.\" >&2\n    exit 1\nfi\n# This output is used by Xcode 'outputs' to avoid re-running this script phase.\necho \"SUCCESS\" > \"${SCRIPT_OUTPUT_FILE_0}\"\n";
			showEnvVarsInLog = 0;
		};
		6777B30B4CA9721ECD47E6C5 /* [CP] Embed Pods Frameworks */ = {
			isa = PBXShellScriptBuildPhase;
			buildActionMask = 2147483647;
			files = (
			);
			inputFileListPaths = (
				"${PODS_ROOT}/Target Support Files/Pods-NhkBangumiTests/Pods-NhkBangumiTests-frameworks-${CONFIGURATION}-input-files.xcfilelist",
			);
			name = "[CP] Embed Pods Frameworks";
			outputFileListPaths = (
				"${PODS_ROOT}/Target Support Files/Pods-NhkBangumiTests/Pods-NhkBangumiTests-frameworks-${CONFIGURATION}-output-files.xcfilelist",
			);
			runOnlyForDeploymentPostprocessing = 0;
			shellPath = /bin/sh;
			shellScript = "\"${PODS_ROOT}/Target Support Files/Pods-NhkBangumiTests/Pods-NhkBangumiTests-frameworks.sh\"\n";
			showEnvVarsInLog = 0;
		};
		6F5C6DD4BB625347B5233E9E /* [CP] Embed Pods Frameworks */ = {
			isa = PBXShellScriptBuildPhase;
			buildActionMask = 2147483647;
			files = (
			);
			inputFileListPaths = (
				"${PODS_ROOT}/Target Support Files/Pods-NhkBangumi/Pods-NhkBangumi-frameworks-${CONFIGURATION}-input-files.xcfilelist",
			);
			name = "[CP] Embed Pods Frameworks";
			outputFileListPaths = (
				"${PODS_ROOT}/Target Support Files/Pods-NhkBangumi/Pods-NhkBangumi-frameworks-${CONFIGURATION}-output-files.xcfilelist",
			);
			runOnlyForDeploymentPostprocessing = 0;
			shellPath = /bin/sh;
			shellScript = "\"${PODS_ROOT}/Target Support Files/Pods-NhkBangumi/Pods-NhkBangumi-frameworks.sh\"\n";
			showEnvVarsInLog = 0;
		};
		7638F6A1C367730BD8207D6D /* [CP] Check Pods Manifest.lock */ = {
			isa = PBXShellScriptBuildPhase;
			buildActionMask = 2147483647;
			files = (
			);
			inputFileListPaths = (
			);
			inputPaths = (
				"${PODS_PODFILE_DIR_PATH}/Podfile.lock",
				"${PODS_ROOT}/Manifest.lock",
			);
			name = "[CP] Check Pods Manifest.lock";
			outputFileListPaths = (
			);
			outputPaths = (
				"$(DERIVED_FILE_DIR)/Pods-NhkBangumiTests-checkManifestLockResult.txt",
			);
			runOnlyForDeploymentPostprocessing = 0;
			shellPath = /bin/sh;
			shellScript = "diff \"${PODS_PODFILE_DIR_PATH}/Podfile.lock\" \"${PODS_ROOT}/Manifest.lock\" > /dev/null\nif [ $? != 0 ] ; then\n    # print error to STDERR\n    echo \"error: The sandbox is not in sync with the Podfile.lock. Run 'pod install' or update your CocoaPods installation.\" >&2\n    exit 1\nfi\n# This output is used by Xcode 'outputs' to avoid re-running this script phase.\necho \"SUCCESS\" > \"${SCRIPT_OUTPUT_FILE_0}\"\n";
			showEnvVarsInLog = 0;
		};
		F1E4832FC5F4AE38B317AEEC /* [CP] Check Pods Manifest.lock */ = {
			isa = PBXShellScriptBuildPhase;
			buildActionMask = 2147483647;
			files = (
			);
			inputFileListPaths = (
			);
			inputPaths = (
				"${PODS_PODFILE_DIR_PATH}/Podfile.lock",
				"${PODS_ROOT}/Manifest.lock",
			);
			name = "[CP] Check Pods Manifest.lock";
			outputFileListPaths = (
			);
			outputPaths = (
				"$(DERIVED_FILE_DIR)/Pods-NhkBangumiUITests-checkManifestLockResult.txt",
			);
			runOnlyForDeploymentPostprocessing = 0;
			shellPath = /bin/sh;
			shellScript = "diff \"${PODS_PODFILE_DIR_PATH}/Podfile.lock\" \"${PODS_ROOT}/Manifest.lock\" > /dev/null\nif [ $? != 0 ] ; then\n    # print error to STDERR\n    echo \"error: The sandbox is not in sync with the Podfile.lock. Run 'pod install' or update your CocoaPods installation.\" >&2\n    exit 1\nfi\n# This output is used by Xcode 'outputs' to avoid re-running this script phase.\necho \"SUCCESS\" > \"${SCRIPT_OUTPUT_FILE_0}\"\n";
			showEnvVarsInLog = 0;
		};
/* End PBXShellScriptBuildPhase section */

/* Begin PBXSourcesBuildPhase section */
		5A304D6A228E8F1D00F20B05 /* Sources */ = {
			isa = PBXSourcesBuildPhase;
			buildActionMask = 2147483647;
			files = (
				5A304D74228E8F1D00F20B05 /* HomeViewController.swift in Sources */,
				5AB16E2F228E9D4700DE394B /* ApplicationScheme.swift in Sources */,
				5A304D72228E8F1D00F20B05 /* AppDelegate.swift in Sources */,
			);
			runOnlyForDeploymentPostprocessing = 0;
		};
		5A304D7E228E8F1F00F20B05 /* Sources */ = {
			isa = PBXSourcesBuildPhase;
			buildActionMask = 2147483647;
			files = (
				5A304D87228E8F1F00F20B05 /* NhkBangumiTests.swift in Sources */,
			);
			runOnlyForDeploymentPostprocessing = 0;
		};
		5A304D89228E8F1F00F20B05 /* Sources */ = {
			isa = PBXSourcesBuildPhase;
			buildActionMask = 2147483647;
			files = (
				5A304D92228E8F1F00F20B05 /* NhkBangumiUITests.swift in Sources */,
			);
			runOnlyForDeploymentPostprocessing = 0;
		};
/* End PBXSourcesBuildPhase section */

/* Begin PBXTargetDependency section */
		5A304D84228E8F1F00F20B05 /* PBXTargetDependency */ = {
			isa = PBXTargetDependency;
			target = 5A304D6D228E8F1D00F20B05 /* NhkBangumi */;
			targetProxy = 5A304D83228E8F1F00F20B05 /* PBXContainerItemProxy */;
		};
		5A304D8F228E8F1F00F20B05 /* PBXTargetDependency */ = {
			isa = PBXTargetDependency;
			target = 5A304D6D228E8F1D00F20B05 /* NhkBangumi */;
			targetProxy = 5A304D8E228E8F1F00F20B05 /* PBXContainerItemProxy */;
		};
/* End PBXTargetDependency section */

/* Begin PBXVariantGroup section */
		5A304D75228E8F1D00F20B05 /* Main.storyboard */ = {
			isa = PBXVariantGroup;
			children = (
				5A304D76228E8F1D00F20B05 /* Base */,
			);
			name = Main.storyboard;
			sourceTree = "<group>";
		};
		5A304D7A228E8F1F00F20B05 /* LaunchScreen.storyboard */ = {
			isa = PBXVariantGroup;
			children = (
				5A304D7B228E8F1F00F20B05 /* Base */,
			);
			name = LaunchScreen.storyboard;
			sourceTree = "<group>";
		};
/* End PBXVariantGroup section */

/* Begin XCBuildConfiguration section */
		5A304D94228E8F1F00F20B05 /* Debug */ = {
			isa = XCBuildConfiguration;
			buildSettings = {
				ALWAYS_SEARCH_USER_PATHS = NO;
				CLANG_ANALYZER_NONNULL = YES;
				CLANG_ANALYZER_NUMBER_OBJECT_CONVERSION = YES_AGGRESSIVE;
				CLANG_CXX_LANGUAGE_STANDARD = "gnu++14";
				CLANG_CXX_LIBRARY = "libc++";
				CLANG_ENABLE_MODULES = YES;
				CLANG_ENABLE_OBJC_ARC = YES;
				CLANG_ENABLE_OBJC_WEAK = YES;
				CLANG_WARN_BLOCK_CAPTURE_AUTORELEASING = YES;
				CLANG_WARN_BOOL_CONVERSION = YES;
				CLANG_WARN_COMMA = YES;
				CLANG_WARN_CONSTANT_CONVERSION = YES;
				CLANG_WARN_DEPRECATED_OBJC_IMPLEMENTATIONS = YES;
				CLANG_WARN_DIRECT_OBJC_ISA_USAGE = YES_ERROR;
				CLANG_WARN_DOCUMENTATION_COMMENTS = YES;
				CLANG_WARN_EMPTY_BODY = YES;
				CLANG_WARN_ENUM_CONVERSION = YES;
				CLANG_WARN_INFINITE_RECURSION = YES;
				CLANG_WARN_INT_CONVERSION = YES;
				CLANG_WARN_NON_LITERAL_NULL_CONVERSION = YES;
				CLANG_WARN_OBJC_IMPLICIT_RETAIN_SELF = YES;
				CLANG_WARN_OBJC_LITERAL_CONVERSION = YES;
				CLANG_WARN_OBJC_ROOT_CLASS = YES_ERROR;
				CLANG_WARN_RANGE_LOOP_ANALYSIS = YES;
				CLANG_WARN_STRICT_PROTOTYPES = YES;
				CLANG_WARN_SUSPICIOUS_MOVE = YES;
				CLANG_WARN_UNGUARDED_AVAILABILITY = YES_AGGRESSIVE;
				CLANG_WARN_UNREACHABLE_CODE = YES;
				CLANG_WARN__DUPLICATE_METHOD_MATCH = YES;
				CODE_SIGN_IDENTITY = "iPhone Developer";
				COPY_PHASE_STRIP = NO;
				DEBUG_INFORMATION_FORMAT = dwarf;
				ENABLE_STRICT_OBJC_MSGSEND = YES;
				ENABLE_TESTABILITY = YES;
				GCC_C_LANGUAGE_STANDARD = gnu11;
				GCC_DYNAMIC_NO_PIC = NO;
				GCC_NO_COMMON_BLOCKS = YES;
				GCC_OPTIMIZATION_LEVEL = 0;
				GCC_PREPROCESSOR_DEFINITIONS = (
					"DEBUG=1",
					"$(inherited)",
				);
				GCC_WARN_64_TO_32_BIT_CONVERSION = YES;
				GCC_WARN_ABOUT_RETURN_TYPE = YES_ERROR;
				GCC_WARN_UNDECLARED_SELECTOR = YES;
				GCC_WARN_UNINITIALIZED_AUTOS = YES_AGGRESSIVE;
				GCC_WARN_UNUSED_FUNCTION = YES;
				GCC_WARN_UNUSED_VARIABLE = YES;
				IPHONEOS_DEPLOYMENT_TARGET = 12.2;
				MTL_ENABLE_DEBUG_INFO = INCLUDE_SOURCE;
				MTL_FAST_MATH = YES;
				ONLY_ACTIVE_ARCH = YES;
				SDKROOT = iphoneos;
				SWIFT_ACTIVE_COMPILATION_CONDITIONS = DEBUG;
				SWIFT_OPTIMIZATION_LEVEL = "-Onone";
			};
			name = Debug;
		};
		5A304D95228E8F1F00F20B05 /* Release */ = {
			isa = XCBuildConfiguration;
			buildSettings = {
				ALWAYS_SEARCH_USER_PATHS = NO;
				CLANG_ANALYZER_NONNULL = YES;
				CLANG_ANALYZER_NUMBER_OBJECT_CONVERSION = YES_AGGRESSIVE;
				CLANG_CXX_LANGUAGE_STANDARD = "gnu++14";
				CLANG_CXX_LIBRARY = "libc++";
				CLANG_ENABLE_MODULES = YES;
				CLANG_ENABLE_OBJC_ARC = YES;
				CLANG_ENABLE_OBJC_WEAK = YES;
				CLANG_WARN_BLOCK_CAPTURE_AUTORELEASING = YES;
				CLANG_WARN_BOOL_CONVERSION = YES;
				CLANG_WARN_COMMA = YES;
				CLANG_WARN_CONSTANT_CONVERSION = YES;
				CLANG_WARN_DEPRECATED_OBJC_IMPLEMENTATIONS = YES;
				CLANG_WARN_DIRECT_OBJC_ISA_USAGE = YES_ERROR;
				CLANG_WARN_DOCUMENTATION_COMMENTS = YES;
				CLANG_WARN_EMPTY_BODY = YES;
				CLANG_WARN_ENUM_CONVERSION = YES;
				CLANG_WARN_INFINITE_RECURSION = YES;
				CLANG_WARN_INT_CONVERSION = YES;
				CLANG_WARN_NON_LITERAL_NULL_CONVERSION = YES;
				CLANG_WARN_OBJC_IMPLICIT_RETAIN_SELF = YES;
				CLANG_WARN_OBJC_LITERAL_CONVERSION = YES;
				CLANG_WARN_OBJC_ROOT_CLASS = YES_ERROR;
				CLANG_WARN_RANGE_LOOP_ANALYSIS = YES;
				CLANG_WARN_STRICT_PROTOTYPES = YES;
				CLANG_WARN_SUSPICIOUS_MOVE = YES;
				CLANG_WARN_UNGUARDED_AVAILABILITY = YES_AGGRESSIVE;
				CLANG_WARN_UNREACHABLE_CODE = YES;
				CLANG_WARN__DUPLICATE_METHOD_MATCH = YES;
				CODE_SIGN_IDENTITY = "iPhone Developer";
				COPY_PHASE_STRIP = NO;
				DEBUG_INFORMATION_FORMAT = "dwarf-with-dsym";
				ENABLE_NS_ASSERTIONS = NO;
				ENABLE_STRICT_OBJC_MSGSEND = YES;
				GCC_C_LANGUAGE_STANDARD = gnu11;
				GCC_NO_COMMON_BLOCKS = YES;
				GCC_WARN_64_TO_32_BIT_CONVERSION = YES;
				GCC_WARN_ABOUT_RETURN_TYPE = YES_ERROR;
				GCC_WARN_UNDECLARED_SELECTOR = YES;
				GCC_WARN_UNINITIALIZED_AUTOS = YES_AGGRESSIVE;
				GCC_WARN_UNUSED_FUNCTION = YES;
				GCC_WARN_UNUSED_VARIABLE = YES;
				IPHONEOS_DEPLOYMENT_TARGET = 12.2;
				MTL_ENABLE_DEBUG_INFO = NO;
				MTL_FAST_MATH = YES;
				SDKROOT = iphoneos;
				SWIFT_COMPILATION_MODE = wholemodule;
				SWIFT_OPTIMIZATION_LEVEL = "-O";
				VALIDATE_PRODUCT = YES;
			};
			name = Release;
		};
		5A304D97228E8F1F00F20B05 /* Debug */ = {
			isa = XCBuildConfiguration;
			baseConfigurationReference = C42E872890518D181FC1A034 /* Pods-NhkBangumi.debug.xcconfig */;
			buildSettings = {
				ASSETCATALOG_COMPILER_APPICON_NAME = AppIcon;
				CODE_SIGN_STYLE = Automatic;
				DEVELOPMENT_TEAM = DPKT34X6QT;
				INFOPLIST_FILE = NhkBangumi/Info.plist;
				LD_RUNPATH_SEARCH_PATHS = (
					"$(inherited)",
					"@executable_path/Frameworks",
				);
				PRODUCT_BUNDLE_IDENTIFIER = com.github.luecy1.NhkBangumi;
				PRODUCT_NAME = "$(TARGET_NAME)";
				SWIFT_VERSION = 5.0;
				TARGETED_DEVICE_FAMILY = "1,2";
			};
			name = Debug;
		};
		5A304D98228E8F1F00F20B05 /* Release */ = {
			isa = XCBuildConfiguration;
			baseConfigurationReference = 67A5A1D3BA7A373113AE801B /* Pods-NhkBangumi.release.xcconfig */;
			buildSettings = {
				ASSETCATALOG_COMPILER_APPICON_NAME = AppIcon;
				CODE_SIGN_STYLE = Automatic;
				DEVELOPMENT_TEAM = DPKT34X6QT;
				INFOPLIST_FILE = NhkBangumi/Info.plist;
				LD_RUNPATH_SEARCH_PATHS = (
					"$(inherited)",
					"@executable_path/Frameworks",
				);
				PRODUCT_BUNDLE_IDENTIFIER = com.github.luecy1.NhkBangumi;
				PRODUCT_NAME = "$(TARGET_NAME)";
				SWIFT_VERSION = 5.0;
				TARGETED_DEVICE_FAMILY = "1,2";
			};
			name = Release;
		};
		5A304D9A228E8F1F00F20B05 /* Debug */ = {
			isa = XCBuildConfiguration;
			baseConfigurationReference = B96C9EAF73BB7B3A46412190 /* Pods-NhkBangumiTests.debug.xcconfig */;
			buildSettings = {
				ALWAYS_EMBED_SWIFT_STANDARD_LIBRARIES = YES;
				BUNDLE_LOADER = "$(TEST_HOST)";
				CODE_SIGN_STYLE = Automatic;
				DEVELOPMENT_TEAM = DPKT34X6QT;
				INFOPLIST_FILE = NhkBangumiTests/Info.plist;
				LD_RUNPATH_SEARCH_PATHS = (
					"$(inherited)",
					"@executable_path/Frameworks",
					"@loader_path/Frameworks",
				);
				PRODUCT_BUNDLE_IDENTIFIER = com.github.luecy1.NhkBangumiTests;
				PRODUCT_NAME = "$(TARGET_NAME)";
				SWIFT_VERSION = 5.0;
				TARGETED_DEVICE_FAMILY = "1,2";
				TEST_HOST = "$(BUILT_PRODUCTS_DIR)/NhkBangumi.app/NhkBangumi";
			};
			name = Debug;
		};
		5A304D9B228E8F1F00F20B05 /* Release */ = {
			isa = XCBuildConfiguration;
			baseConfigurationReference = B28DFD7DA5439AFB4EBDA540 /* Pods-NhkBangumiTests.release.xcconfig */;
			buildSettings = {
				ALWAYS_EMBED_SWIFT_STANDARD_LIBRARIES = YES;
				BUNDLE_LOADER = "$(TEST_HOST)";
				CODE_SIGN_STYLE = Automatic;
				DEVELOPMENT_TEAM = DPKT34X6QT;
				INFOPLIST_FILE = NhkBangumiTests/Info.plist;
				LD_RUNPATH_SEARCH_PATHS = (
					"$(inherited)",
					"@executable_path/Frameworks",
					"@loader_path/Frameworks",
				);
				PRODUCT_BUNDLE_IDENTIFIER = com.github.luecy1.NhkBangumiTests;
				PRODUCT_NAME = "$(TARGET_NAME)";
				SWIFT_VERSION = 5.0;
				TARGETED_DEVICE_FAMILY = "1,2";
				TEST_HOST = "$(BUILT_PRODUCTS_DIR)/NhkBangumi.app/NhkBangumi";
			};
			name = Release;
		};
		5A304D9D228E8F1F00F20B05 /* Debug */ = {
			isa = XCBuildConfiguration;
			baseConfigurationReference = 21053D4D918A01D9D7047877 /* Pods-NhkBangumiUITests.debug.xcconfig */;
			buildSettings = {
				ALWAYS_EMBED_SWIFT_STANDARD_LIBRARIES = YES;
				CODE_SIGN_STYLE = Automatic;
				DEVELOPMENT_TEAM = DPKT34X6QT;
				INFOPLIST_FILE = NhkBangumiUITests/Info.plist;
				LD_RUNPATH_SEARCH_PATHS = (
					"$(inherited)",
					"@executable_path/Frameworks",
					"@loader_path/Frameworks",
				);
				PRODUCT_BUNDLE_IDENTIFIER = com.github.luecy1.NhkBangumiUITests;
				PRODUCT_NAME = "$(TARGET_NAME)";
				SWIFT_VERSION = 5.0;
				TARGETED_DEVICE_FAMILY = "1,2";
				TEST_TARGET_NAME = NhkBangumi;
			};
			name = Debug;
		};
		5A304D9E228E8F1F00F20B05 /* Release */ = {
			isa = XCBuildConfiguration;
			baseConfigurationReference = C17BE854B268A2991841AE61 /* Pods-NhkBangumiUITests.release.xcconfig */;
			buildSettings = {
				ALWAYS_EMBED_SWIFT_STANDARD_LIBRARIES = YES;
				CODE_SIGN_STYLE = Automatic;
				DEVELOPMENT_TEAM = DPKT34X6QT;
				INFOPLIST_FILE = NhkBangumiUITests/Info.plist;
				LD_RUNPATH_SEARCH_PATHS = (
					"$(inherited)",
					"@executable_path/Frameworks",
					"@loader_path/Frameworks",
				);
				PRODUCT_BUNDLE_IDENTIFIER = com.github.luecy1.NhkBangumiUITests;
				PRODUCT_NAME = "$(TARGET_NAME)";
				SWIFT_VERSION = 5.0;
				TARGETED_DEVICE_FAMILY = "1,2";
				TEST_TARGET_NAME = NhkBangumi;
			};
			name = Release;
		};
/* End XCBuildConfiguration section */

/* Begin XCConfigurationList section */
		5A304D69228E8F1D00F20B05 /* Build configuration list for PBXProject "NhkBangumi" */ = {
			isa = XCConfigurationList;
			buildConfigurations = (
				5A304D94228E8F1F00F20B05 /* Debug */,
				5A304D95228E8F1F00F20B05 /* Release */,
			);
			defaultConfigurationIsVisible = 0;
			defaultConfigurationName = Release;
		};
		5A304D96228E8F1F00F20B05 /* Build configuration list for PBXNativeTarget "NhkBangumi" */ = {
			isa = XCConfigurationList;
			buildConfigurations = (
				5A304D97228E8F1F00F20B05 /* Debug */,
				5A304D98228E8F1F00F20B05 /* Release */,
			);
			defaultConfigurationIsVisible = 0;
			defaultConfigurationName = Release;
		};
		5A304D99228E8F1F00F20B05 /* Build configuration list for PBXNativeTarget "NhkBangumiTests" */ = {
			isa = XCConfigurationList;
			buildConfigurations = (
				5A304D9A228E8F1F00F20B05 /* Debug */,
				5A304D9B228E8F1F00F20B05 /* Release */,
			);
			defaultConfigurationIsVisible = 0;
			defaultConfigurationName = Release;
		};
		5A304D9C228E8F1F00F20B05 /* Build configuration list for PBXNativeTarget "NhkBangumiUITests" */ = {
			isa = XCConfigurationList;
			buildConfigurations = (
				5A304D9D228E8F1F00F20B05 /* Debug */,
				5A304D9E228E8F1F00F20B05 /* Release */,
			);
			defaultConfigurationIsVisible = 0;
			defaultConfigurationName = Release;
		};
/* End XCConfigurationList section */
	};
	rootObject = 5A304D66228E8F1D00F20B05 /* Project object */;
}
